
Microsoft Visual Studio Solution File, Format Version 12.00
# Visual Studio Version 17
VisualStudioVersion = 17.14.36310.24 d17.14
MinimumVisualStudioVersion = 10.0.40219.1
Project("{FAE04EC0-301F-11D3-BF4B-00C04F79EFBC}") = "MovieManagementSystem", "MovieManagementSystem\MovieManagementSystem.csproj", "{31A436D2-A48A-4F7E-A7B4-C1F79D47AC95}"
EndProject
Global
	GlobalSection(SolutionConfigurationPlatforms) = preSolution
		Debug|Any CPU = Debug|Any CPU
		Release|Any CPU = Release|Any CPU
	EndGlobalSection
	GlobalSection(ProjectConfigurationPlatforms) = postSolution
		{31A436D2-A48A-4F7E-A7B4-C1F79D47AC95}.Debug|Any CPU.ActiveCfg = Debug|Any CPU
		{31A436D2-A48A-4F7E-A7B4-C1F79D47AC95}.Debug|Any CPU.Build.0 = Debug|Any CPU
		{31A436D2-A48A-4F7E-A7B4-C1F79D47AC95}.Release|Any CPU.ActiveCfg = Release|Any CPU
		{31A436D2-A48A-4F7E-A7B4-C1F79D47AC95}.Release|Any CPU.Build.0 = Release|Any CPU
	EndGlobalSection
	GlobalSection(SolutionProperties) = preSolution
		HideSolutionNode = FALSE
	EndGlobalSection
	GlobalSection(ExtensibilityGlobals) = postSolution
		SolutionGuid = {A8EA45C3-6833-462E-8833-58B87E78E422}
	EndGlobalSection
EndGlobal
